// !$*UTF8*$!
{
	archiveVersion = 1;
	classes = {
	};
	objectVersion = 50;
	objects = {

/* Begin PBXBuildFile section */
		7716BBC923678DF4007365D4 /* AppDelegate.swift in Sources */ = {isa = PBXBuildFile; fileRef = 7716BBC823678DF4007365D4 /* AppDelegate.swift */; };
		7716BBCB23678DF4007365D4 /* ViewController.swift in Sources */ = {isa = PBXBuildFile; fileRef = 7716BBCA23678DF4007365D4 /* ViewController.swift */; };
		7716BBCE23678DF4007365D4 /* Main.storyboard in Resources */ = {isa = PBXBuildFile; fileRef = 7716BBCC23678DF4007365D4 /* Main.storyboard */; };
		7716BBD023678DF7007365D4 /* Assets.xcassets in Resources */ = {isa = PBXBuildFile; fileRef = 7716BBCF23678DF7007365D4 /* Assets.xcassets */; };
		7716BBD323678DF7007365D4 /* LaunchScreen.storyboard in Resources */ = {isa = PBXBuildFile; fileRef = 7716BBD123678DF7007365D4 /* LaunchScreen.storyboard */; };
		7716BBE0236792CF007365D4 /* pokemon.csv in Resources */ = {isa = PBXBuildFile; fileRef = 7716BBDF236792CF007365D4 /* pokemon.csv */; };
		7716BBE22367A664007365D4 /* Pokemon.swift in Sources */ = {isa = PBXBuildFile; fileRef = 7716BBE12367A664007365D4 /* Pokemon.swift */; };
		7716BBE42367A900007365D4 /* pokemon.ttf in Resources */ = {isa = PBXBuildFile; fileRef = 7716BBE32367A900007365D4 /* pokemon.ttf */; };
/* End PBXBuildFile section */

/* Begin PBXFileReference section */
		7716BBC523678DF4007365D4 /* Pokedex.app */ = {isa = PBXFileReference; explicitFileType = wrapper.application; includeInIndex = 0; path = Pokedex.app; sourceTree = BUILT_PRODUCTS_DIR; };
		7716BBC823678DF4007365D4 /* AppDelegate.swift */ = {isa = PBXFileReference; lastKnownFileType = sourcecode.swift; path = AppDelegate.swift; sourceTree = "<group>"; };
		7716BBCA23678DF4007365D4 /* ViewController.swift */ = {isa = PBXFileReference; lastKnownFileType = sourcecode.swift; path = ViewController.swift; sourceTree = "<group>"; };
		7716BBCD23678DF4007365D4 /* Base */ = {isa = PBXFileReference; lastKnownFileType = file.storyboard; name = Base; path = Base.lproj/Main.storyboard; sourceTree = "<group>"; };
		7716BBCF23678DF7007365D4 /* Assets.xcassets */ = {isa = PBXFileReference; lastKnownFileType = folder.assetcatalog; path = Assets.xcassets; sourceTree = "<group>"; };
		7716BBD223678DF7007365D4 /* Base */ = {isa = PBXFileReference; lastKnownFileType = file.storyboard; name = Base; path = Base.lproj/LaunchScreen.storyboard; sourceTree = "<group>"; };
		7716BBD423678DF7007365D4 /* Info.plist */ = {isa = PBXFileReference; lastKnownFileType = text.plist.xml; path = Info.plist; sourceTree = "<group>"; };
		7716BBDF236792CF007365D4 /* pokemon.csv */ = {isa = PBXFileReference; fileEncoding = 4; lastKnownFileType = text; name = pokemon.csv; path = ../../../../../Desktop/pokemon.csv; sourceTree = "<group>"; };
		7716BBE12367A664007365D4 /* Pokemon.swift */ = {isa = PBXFileReference; lastKnownFileType = sourcecode.swift; path = Pokemon.swift; sourceTree = "<group>"; };
		7716BBE32367A900007365D4 /* pokemon.ttf */ = {isa = PBXFileReference; lastKnownFileType = file; path = pokemon.ttf; sourceTree = "<group>"; };
/* End PBXFileReference section */

/* Begin PBXFrameworksBuildPhase section */
		7716BBC223678DF4007365D4 /* Frameworks */ = {
			isa = PBXFrameworksBuildPhase;
			buildActionMask = 2147483647;
			files = (
			);
			runOnlyForDeploymentPostprocessing = 0;
		};
/* End PBXFrameworksBuildPhase section */

/* Begin PBXGroup section */
		7716BBBC23678DF3007365D4 = {
			isa = PBXGroup;
			children = (
				7716BBC723678DF4007365D4 /* Pokedex */,
				7716BBC623678DF4007365D4 /* Products */,
			);
			sourceTree = "<group>";
		};
		7716BBC623678DF4007365D4 /* Products */ = {
			isa = PBXGroup;
			children = (
				7716BBC523678DF4007365D4 /* Pokedex.app */,
			);
			name = Products;
			sourceTree = "<group>";
		};
		7716BBC723678DF4007365D4 /* Pokedex */ = {
			isa = PBXGroup;
			children = (
				7716BBDC23678EAF007365D4 /* Model */,
				7716BBDB23678EA9007365D4 /* View */,
				7716BBDA23678E9E007365D4 /* Controller */,
				7716BBC823678DF4007365D4 /* AppDelegate.swift */,
				7716BBCC23678DF4007365D4 /* Main.storyboard */,
				7716BBCF23678DF7007365D4 /* Assets.xcassets */,
				7716BBDF236792CF007365D4 /* pokemon.csv */,
				7716BBE32367A900007365D4 /* pokemon.ttf */,
				7716BBD123678DF7007365D4 /* LaunchScreen.storyboard */,
				7716BBD423678DF7007365D4 /* Info.plist */,
			);
			path = Pokedex;
			sourceTree = "<group>";
		};
		7716BBDA23678E9E007365D4 /* Controller */ = {
			isa = PBXGroup;
			children = (
				7716BBCA23678DF4007365D4 /* ViewController.swift */,
			);
			path = Controller;
			sourceTree = "<group>";
		};
		7716BBDB23678EA9007365D4 /* View */ = {
			isa = PBXGroup;
			children = (
			);
			path = View;
			sourceTree = "<group>";
		};
		7716BBDC23678EAF007365D4 /* Model */ = {
			isa = PBXGroup;
			children = (
				7716BBE12367A664007365D4 /* Pokemon.swift */,
			);
			path = Model;
			sourceTree = "<group>";
		};
/* End PBXGroup section */

/* Begin PBXNativeTarget section */
		7716BBC423678DF4007365D4 /* Pokedex */ = {
			isa = PBXNativeTarget;
			buildConfigurationList = 7716BBD723678DF7007365D4 /* Build configuration list for PBXNativeTarget "Pokedex" */;
			buildPhases = (
				7716BBC123678DF4007365D4 /* Sources */,
				7716BBC223678DF4007365D4 /* Frameworks */,
				7716BBC323678DF4007365D4 /* Resources */,
			);
			buildRules = (
			);
			dependencies = (
			);
			name = Pokedex;
			productName = Pokedex;
			productReference = 7716BBC523678DF4007365D4 /* Pokedex.app */;
			productType = "com.apple.product-type.application";
		};
/* End PBXNativeTarget section */

/* Begin PBXProject section */
		7716BBBD23678DF3007365D4 /* Project object */ = {
			isa = PBXProject;
			attributes = {
				LastSwiftUpdateCheck = 1010;
				LastUpgradeCheck = 1010;
				ORGANIZATIONNAME = "Daniel Bacon";
				TargetAttributes = {
					7716BBC423678DF4007365D4 = {
						CreatedOnToolsVersion = 10.1;
					};
				};
			};
			buildConfigurationList = 7716BBC023678DF3007365D4 /* Build configuration list for PBXProject "Pokedex" */;
			compatibilityVersion = "Xcode 9.3";
			developmentRegion = en;
			hasScannedForEncodings = 0;
			knownRegions = (
				en,
				Base,
			);
			mainGroup = 7716BBBC23678DF3007365D4;
			productRefGroup = 7716BBC623678DF4007365D4 /* Products */;
			projectDirPath = "";
			projectRoot = "";
			targets = (
				7716BBC423678DF4007365D4 /* Pokedex */,
			);
		};
/* End PBXProject section */

/* Begin PBXResourcesBuildPhase section */
		7716BBC323678DF4007365D4 /* Resources */ = {
			isa = PBXResourcesBuildPhase;
			buildActionMask = 2147483647;
			files = (
				7716BBE42367A900007365D4 /* pokemon.ttf in Resources */,
				7716BBD323678DF7007365D4 /* LaunchScreen.storyboard in Resources */,
				7716BBD023678DF7007365D4 /* Assets.xcassets in Resources */,
				7716BBE0236792CF007365D4 /* pokemon.csv in Resources */,
				7716BBCE23678DF4007365D4 /* Main.storyboard in Resources */,
			);
			runOnlyForDeploymentPostprocessing = 0;
		};
/* End PBXResourcesBuildPhase section */

/* Begin PBXSourcesBuildPhase section */
		7716BBC123678DF4007365D4 /* Sources */ = {
			isa = PBXSourcesBuildPhase;
			buildActionMask = 2147483647;
			files = (
				7716BBCB23678DF4007365D4 /* ViewController.swift in Sources */,
				7716BBC923678DF4007365D4 /* AppDelegate.swift in Sources */,
				7716BBE22367A664007365D4 /* Pokemon.swift in Sources */,
			);
			runOnlyForDeploymentPostprocessing = 0;
		};
/* End PBXSourcesBuildPhase section */

/* Begin PBXVariantGroup section */
		7716BBCC23678DF4007365D4 /* Main.storyboard */ = {
			isa = PBXVariantGroup;
			children = (
				7716BBCD23678DF4007365D4 /* Base */,
			);
			name = Main.storyboard;
			sourceTree = "<group>";
		};
		7716BBD123678DF7007365D4 /* LaunchScreen.storyboard */ = {
			isa = PBXVariantGroup;
			children = (
				7716BBD223678DF7007365D4 /* Base */,
			);
			name = LaunchScreen.storyboard;
			sourceTree = "<group>";
		};
/* End PBXVariantGroup section */

/* Begin XCBuildConfiguration section */
		7716BBD523678DF7007365D4 /* Debug */ = {
			isa = XCBuildConfiguration;
			buildSettings = {
				ALWAYS_SEARCH_USER_PATHS = NO;
				CLANG_ANALYZER_NONNULL = YES;
				CLANG_ANALYZER_NUMBER_OBJECT_CONVERSION = YES_AGGRESSIVE;
				CLANG_CXX_LANGUAGE_STANDARD = "gnu++14";
				CLANG_CXX_LIBRARY = "libc++";
				CLANG_ENABLE_MODULES = YES;
				CLANG_ENABLE_OBJC_ARC = YES;
				CLANG_ENABLE_OBJC_WEAK = YES;
				CLANG_WARN_BLOCK_CAPTURE_AUTORELEASING = YES;
				CLANG_WARN_BOOL_CONVERSION = YES;
				CLANG_WARN_COMMA = YES;
				CLANG_WARN_CONSTANT_CONVERSION = YES;
				CLANG_WARN_DEPRECATED_OBJC_IMPLEMENTATIONS = YES;
				CLANG_WARN_DIRECT_OBJC_ISA_USAGE = YES_ERROR;
				CLANG_WARN_DOCUMENTATION_COMMENTS = YES;
				CLANG_WARN_EMPTY_BODY = YES;
				CLANG_WARN_ENUM_CONVERSION = YES;
				CLANG_WARN_INFINITE_RECURSION = YES;
				CLANG_WARN_INT_CONVERSION = YES;
				CLANG_WARN_NON_LITERAL_NULL_CONVERSION = YES;
				CLANG_WARN_OBJC_IMPLICIT_RETAIN_SELF = YES;
				CLANG_WARN_OBJC_LITERAL_CONVERSION = YES;
				CLANG_WARN_OBJC_ROOT_CLASS = YES_ERROR;
				CLANG_WARN_RANGE_LOOP_ANALYSIS = YES;
				CLANG_WARN_STRICT_PROTOTYPES = YES;
				CLANG_WARN_SUSPICIOUS_MOVE = YES;
				CLANG_WARN_UNGUARDED_AVAILABILITY = YES_AGGRESSIVE;
				CLANG_WARN_UNREACHABLE_CODE = YES;
				CLANG_WARN__DUPLICATE_METHOD_MATCH = YES;
				CODE_SIGN_IDENTITY = "iPhone Developer";
				COPY_PHASE_STRIP = NO;
				DEBUG_INFORMATION_FORMAT = dwarf;
				ENABLE_STRICT_OBJC_MSGSEND = YES;
				ENABLE_TESTABILITY = YES;
				GCC_C_LANGUAGE_STANDARD = gnu11;
				GCC_DYNAMIC_NO_PIC = NO;
				GCC_NO_COMMON_BLOCKS = YES;
				GCC_OPTIMIZATION_LEVEL = 0;
				GCC_PREPROCESSOR_DEFINITIONS = (
					"DEBUG=1",
					"$(inherited)",
				);
				GCC_WARN_64_TO_32_BIT_CONVERSION = YES;
				GCC_WARN_ABOUT_RETURN_TYPE = YES_ERROR;
				GCC_WARN_UNDECLARED_SELECTOR = YES;
				GCC_WARN_UNINITIALIZED_AUTOS = YES_AGGRESSIVE;
				GCC_WARN_UNUSED_FUNCTION = YES;
				GCC_WARN_UNUSED_VARIABLE = YES;
				IPHONEOS_DEPLOYMENT_TARGET = 12.1;
				MTL_ENABLE_DEBUG_INFO = INCLUDE_SOURCE;
				MTL_FAST_MATH = YES;
				ONLY_ACTIVE_ARCH = YES;
				SDKROOT = iphoneos;
				SWIFT_ACTIVE_COMPILATION_CONDITIONS = DEBUG;
				SWIFT_OPTIMIZATION_LEVEL = "-Onone";
			};
			name = Debug;
		};
		7716BBD623678DF7007365D4 /* Release */ = {
			isa = XCBuildConfiguration;
			buildSettings = {
				ALWAYS_SEARCH_USER_PATHS = NO;
				CLANG_ANALYZER_NONNULL = YES;
				CLANG_ANALYZER_NUMBER_OBJECT_CONVERSION = YES_AGGRESSIVE;
				CLANG_CXX_LANGUAGE_STANDARD = "gnu++14";
				CLANG_CXX_LIBRARY = "libc++";
				CLANG_ENABLE_MODULES = YES;
				CLANG_ENABLE_OBJC_ARC = YES;
				CLANG_ENABLE_OBJC_WEAK = YES;
				CLANG_WARN_BLOCK_CAPTURE_AUTORELEASING = YES;
				CLANG_WARN_BOOL_CONVERSION = YES;
				CLANG_WARN_COMMA = YES;
				CLANG_WARN_CONSTANT_CONVERSION = YES;
				CLANG_WARN_DEPRECATED_OBJC_IMPLEMENTATIONS = YES;
				CLANG_WARN_DIRECT_OBJC_ISA_USAGE = YES_ERROR;
				CLANG_WARN_DOCUMENTATION_COMMENTS = YES;
				CLANG_WARN_EMPTY_BODY = YES;
				CLANG_WARN_ENUM_CONVERSION = YES;
				CLANG_WARN_INFINITE_RECURSION = YES;
				CLANG_WARN_INT_CONVERSION = YES;
				CLANG_WARN_NON_LITERAL_NULL_CONVERSION = YES;
				CLANG_WARN_OBJC_IMPLICIT_RETAIN_SELF = YES;
				CLANG_WARN_OBJC_LITERAL_CONVERSION = YES;
				CLANG_WARN_OBJC_ROOT_CLASS = YES_ERROR;
				CLANG_WARN_RANGE_LOOP_ANALYSIS = YES;
				CLANG_WARN_STRICT_PROTOTYPES = YES;
				CLANG_WARN_SUSPICIOUS_MOVE = YES;
				CLANG_WARN_UNGUARDED_AVAILABILITY = YES_AGGRESSIVE;
				CLANG_WARN_UNREACHABLE_CODE = YES;
				CLANG_WARN__DUPLICATE_METHOD_MATCH = YES;
				CODE_SIGN_IDENTITY = "iPhone Developer";
				COPY_PHASE_STRIP = NO;
				DEBUG_INFORMATION_FORMAT = "dwarf-with-dsym";
				ENABLE_NS_ASSERTIONS = NO;
				ENABLE_STRICT_OBJC_MSGSEND = YES;
				GCC_C_LANGUAGE_STANDARD = gnu11;
				GCC_NO_COMMON_BLOCKS = YES;
				GCC_WARN_64_TO_32_BIT_CONVERSION = YES;
				GCC_WARN_ABOUT_RETURN_TYPE = YES_ERROR;
				GCC_WARN_UNDECLARED_SELECTOR = YES;
				GCC_WARN_UNINITIALIZED_AUTOS = YES_AGGRESSIVE;
				GCC_WARN_UNUSED_FUNCTION = YES;
				GCC_WARN_UNUSED_VARIABLE = YES;
				IPHONEOS_DEPLOYMENT_TARGET = 12.1;
				MTL_ENABLE_DEBUG_INFO = NO;
				MTL_FAST_MATH = YES;
				SDKROOT = iphoneos;
				SWIFT_COMPILATION_MODE = wholemodule;
				SWIFT_OPTIMIZATION_LEVEL = "-O";
				VALIDATE_PRODUCT = YES;
			};
			name = Release;
		};
		7716BBD823678DF7007365D4 /* Debug */ = {
			isa = XCBuildConfiguration;
			buildSettings = {
				ASSETCATALOG_COMPILER_APPICON_NAME = AppIcon;
				CODE_SIGN_STYLE = Automatic;
				DEVELOPMENT_TEAM = N22Z2JKA2L;
				INFOPLIST_FILE = Pokedex/Info.plist;
				LD_RUNPATH_SEARCH_PATHS = (
					"$(inherited)",
					"@executable_path/Frameworks",
				);
				PRODUCT_BUNDLE_IDENTIFIER = Bacon.Pokedex;
				PRODUCT_NAME = "$(TARGET_NAME)";
				SWIFT_VERSION = 4.2;
				TARGETED_DEVICE_FAMILY = "1,2";
			};
			name = Debug;
		};
		7716BBD923678DF7007365D4 /* Release */ = {
			isa = XCBuildConfiguration;
			buildSettings = {
				ASSETCATALOG_COMPILER_APPICON_NAME = AppIcon;
				CODE_SIGN_STYLE = Automatic;
				DEVELOPMENT_TEAM = N22Z2JKA2L;
				INFOPLIST_FILE = Pokedex/Info.plist;
				LD_RUNPATH_SEARCH_PATHS = (
					"$(inherited)",
					"@executable_path/Frameworks",
				);
				PRODUCT_BUNDLE_IDENTIFIER = Bacon.Pokedex;
				PRODUCT_NAME = "$(TARGET_NAME)";
				SWIFT_VERSION = 4.2;
				TARGETED_DEVICE_FAMILY = "1,2";
			};
			name = Release;
		};
/* End XCBuildConfiguration section */

/* Begin XCConfigurationList section */
		7716BBC023678DF3007365D4 /* Build configuration list for PBXProject "Pokedex" */ = {
			isa = XCConfigurationList;
			buildConfigurations = (
				7716BBD523678DF7007365D4 /* Debug */,
				7716BBD623678DF7007365D4 /* Release */,
			);
			defaultConfigurationIsVisible = 0;
			defaultConfigurationName = Release;
		};
		7716BBD723678DF7007365D4 /* Build configuration list for PBXNativeTarget "Pokedex" */ = {
			isa = XCConfigurationList;
			buildConfigurations = (
				7716BBD823678DF7007365D4 /* Debug */,
				7716BBD923678DF7007365D4 /* Release */,
			);
			defaultConfigurationIsVisible = 0;
			defaultConfigurationName = Release;
		};
/* End XCConfigurationList section */
	};
	rootObject = 7716BBBD23678DF3007365D4 /* Project object */;
}
